
Microsoft Visual Studio Solution File, Format Version 12.00
# Visual Studio Version 17
VisualStudioVersion = 17.0.32112.339
MinimumVisualStudioVersion = 10.0.40219.1
Project("{2150E333-8FDC-42A3-9474-1A3956D46DE8}") = "Solution Items", "Solution Items", "{8DEE3D92-0B1F-4F9C-B90B-4FED4B7B7AC8}"
	ProjectSection(SolutionItems) = preProject
		.editorconfig = .editorconfig
	EndProjectSection
EndProject
Project("{9A19103F-16F7-4668-BE54-9A1E7A4F7556}") = "WeatherForecastApi", "src\WeatherForecastApi\WeatherForecastApi.csproj", "{1BE9B0ED-7A2D-40C3-8941-DD742335663B}"
EndProject
Project("{2150E333-8FDC-42A3-9474-1A3956D46DE8}") = "src", "src", "{9CC406FA-154A-437B-B1B5-28DA860C12B9}"
EndProject
Project("{2150E333-8FDC-42A3-9474-1A3956D46DE8}") = "test", "test", "{36EDE927-D27E-4E68-81C2-9B8F832EC6B6}"
EndProject
Project("{FAE04EC0-301F-11D3-BF4B-00C04F79EFBC}") = "WeatherForecastApi.IntegrationTests", "test\WeatherForecastApi.IntegrationTests\WeatherForecastApi.IntegrationTests.csproj", "{06B9603C-1ED1-4368-9A51-551864653926}"
EndProject
Global
	GlobalSection(SolutionConfigurationPlatforms) = preSolution
		Debug|Any CPU = Debug|Any CPU
		Release|Any CPU = Release|Any CPU
	EndGlobalSection
	GlobalSection(ProjectConfigurationPlatforms) = postSolution
		{1BE9B0ED-7A2D-40C3-8941-DD742335663B}.Debug|Any CPU.ActiveCfg = Debug|Any CPU
		{1BE9B0ED-7A2D-40C3-8941-DD742335663B}.Debug|Any CPU.Build.0 = Debug|Any CPU
		{1BE9B0ED-7A2D-40C3-8941-DD742335663B}.Release|Any CPU.ActiveCfg = Release|Any CPU
		{1BE9B0ED-7A2D-40C3-8941-DD742335663B}.Release|Any CPU.Build.0 = Release|Any CPU
		{06B9603C-1ED1-4368-9A51-551864653926}.Debug|Any CPU.ActiveCfg = Debug|Any CPU
		{06B9603C-1ED1-4368-9A51-551864653926}.Debug|Any CPU.Build.0 = Debug|Any CPU
		{06B9603C-1ED1-4368-9A51-551864653926}.Release|Any CPU.ActiveCfg = Release|Any CPU
		{06B9603C-1ED1-4368-9A51-551864653926}.Release|Any CPU.Build.0 = Release|Any CPU
	EndGlobalSection
	GlobalSection(SolutionProperties) = preSolution
		HideSolutionNode = FALSE
	EndGlobalSection
	GlobalSection(NestedProjects) = preSolution
		{1BE9B0ED-7A2D-40C3-8941-DD742335663B} = {9CC406FA-154A-437B-B1B5-28DA860C12B9}
		{06B9603C-1ED1-4368-9A51-551864653926} = {36EDE927-D27E-4E68-81C2-9B8F832EC6B6}
	EndGlobalSection
	GlobalSection(ExtensibilityGlobals) = postSolution
		SolutionGuid = {A5E1E684-A6C6-44CE-B338-40D68E851AC1}
	EndGlobalSection
EndGlobal
